
Microsoft Visual Studio Solution File, Format Version 12.00
# Visual Studio Version 17
VisualStudioVersion = 17.14.36414.22 d17.14
MinimumVisualStudioVersion = 10.0.40219.1
Project("{FAE04EC0-301F-11D3-BF4B-00C04F79EFBC}") = "Tkachev_WPFapp", "Tkachev_WPFapp\Tkachev_WPFapp.csproj", "{025A9EE9-89E5-4927-8CFC-D373D7C2CCEC}"
EndProject
Global
	GlobalSection(SolutionConfigurationPlatforms) = preSolution
		Debug|Any CPU = Debug|Any CPU
		Release|Any CPU = Release|Any CPU
	EndGlobalSection
	GlobalSection(ProjectConfigurationPlatforms) = postSolution
		{025A9EE9-89E5-4927-8CFC-D373D7C2CCEC}.Debug|Any CPU.ActiveCfg = Debug|Any CPU
		{025A9EE9-89E5-4927-8CFC-D373D7C2CCEC}.Debug|Any CPU.Build.0 = Debug|Any CPU
		{025A9EE9-89E5-4927-8CFC-D373D7C2CCEC}.Release|Any CPU.ActiveCfg = Release|Any CPU
		{025A9EE9-89E5-4927-8CFC-D373D7C2CCEC}.Release|Any CPU.Build.0 = Release|Any CPU
	EndGlobalSection
	GlobalSection(SolutionProperties) = preSolution
		HideSolutionNode = FALSE
	EndGlobalSection
	GlobalSection(ExtensibilityGlobals) = postSolution
		SolutionGuid = {85D09F82-D8A3-4B96-A6D0-140023DEF98D}
	EndGlobalSection
EndGlobal
